
Microsoft Visual Studio Solution File, Format Version 12.00
# Visual Studio Version 17
VisualStudioVersion = 17.8.34525.116
MinimumVisualStudioVersion = 10.0.40219.1
Project("{FAE04EC0-301F-11D3-BF4B-00C04F79EFBC}") = "Car", "Car\Car.csproj", "{88D69B93-EE20-4434-85C1-40BF168D579F}"
EndProject
Project("{FAE04EC0-301F-11D3-BF4B-00C04F79EFBC}") = "CarExtension", "CarExtension\CarExtension.csproj", "{51DA3B24-A2EE-473C-867A-7D4A6525B1FA}"
EndProject
Project("{FAE04EC0-301F-11D3-BF4B-00C04F79EFBC}") = "CarConstructors", "CarConstructors\CarConstructors.csproj", "{2E1E0474-75D1-4BC4-B9C5-E2F9872DF503}"
EndProject
Project("{FAE04EC0-301F-11D3-BF4B-00C04F79EFBC}") = "CarEngineAndTires", "CarEngineAndTires\CarEngineAndTires.csproj", "{F8197ED9-7AEB-454C-A5FB-5785007F1684}"
EndProject
Project("{FAE04EC0-301F-11D3-BF4B-00C04F79EFBC}") = "SpecialCars", "SpecialCars\SpecialCars.csproj", "{571D20D3-B6A3-4DBA-95D8-3F9167E16F6E}"
EndProject
Global
	GlobalSection(SolutionConfigurationPlatforms) = preSolution
		Debug|Any CPU = Debug|Any CPU
		Release|Any CPU = Release|Any CPU
	EndGlobalSection
	GlobalSection(ProjectConfigurationPlatforms) = postSolution
		{88D69B93-EE20-4434-85C1-40BF168D579F}.Debug|Any CPU.ActiveCfg = Debug|Any CPU
		{88D69B93-EE20-4434-85C1-40BF168D579F}.Debug|Any CPU.Build.0 = Debug|Any CPU
		{88D69B93-EE20-4434-85C1-40BF168D579F}.Release|Any CPU.ActiveCfg = Release|Any CPU
		{88D69B93-EE20-4434-85C1-40BF168D579F}.Release|Any CPU.Build.0 = Release|Any CPU
		{51DA3B24-A2EE-473C-867A-7D4A6525B1FA}.Debug|Any CPU.ActiveCfg = Debug|Any CPU
		{51DA3B24-A2EE-473C-867A-7D4A6525B1FA}.Debug|Any CPU.Build.0 = Debug|Any CPU
		{51DA3B24-A2EE-473C-867A-7D4A6525B1FA}.Release|Any CPU.ActiveCfg = Release|Any CPU
		{51DA3B24-A2EE-473C-867A-7D4A6525B1FA}.Release|Any CPU.Build.0 = Release|Any CPU
		{2E1E0474-75D1-4BC4-B9C5-E2F9872DF503}.Debug|Any CPU.ActiveCfg = Debug|Any CPU
		{2E1E0474-75D1-4BC4-B9C5-E2F9872DF503}.Debug|Any CPU.Build.0 = Debug|Any CPU
		{2E1E0474-75D1-4BC4-B9C5-E2F9872DF503}.Release|Any CPU.ActiveCfg = Release|Any CPU
		{2E1E0474-75D1-4BC4-B9C5-E2F9872DF503}.Release|Any CPU.Build.0 = Release|Any CPU
		{F8197ED9-7AEB-454C-A5FB-5785007F1684}.Debug|Any CPU.ActiveCfg = Debug|Any CPU
		{F8197ED9-7AEB-454C-A5FB-5785007F1684}.Debug|Any CPU.Build.0 = Debug|Any CPU
		{F8197ED9-7AEB-454C-A5FB-5785007F1684}.Release|Any CPU.ActiveCfg = Release|Any CPU
		{F8197ED9-7AEB-454C-A5FB-5785007F1684}.Release|Any CPU.Build.0 = Release|Any CPU
		{571D20D3-B6A3-4DBA-95D8-3F9167E16F6E}.Debug|Any CPU.ActiveCfg = Debug|Any CPU
		{571D20D3-B6A3-4DBA-95D8-3F9167E16F6E}.Debug|Any CPU.Build.0 = Debug|Any CPU
		{571D20D3-B6A3-4DBA-95D8-3F9167E16F6E}.Release|Any CPU.ActiveCfg = Release|Any CPU
		{571D20D3-B6A3-4DBA-95D8-3F9167E16F6E}.Release|Any CPU.Build.0 = Release|Any CPU
	EndGlobalSection
	GlobalSection(SolutionProperties) = preSolution
		HideSolutionNode = FALSE
	EndGlobalSection
	GlobalSection(ExtensibilityGlobals) = postSolution
		SolutionGuid = {3D84EA6F-6FDE-45C3-AC3B-BC6323968B53}
	EndGlobalSection
EndGlobal
