
Microsoft Visual Studio Solution File, Format Version 12.00
# Visual Studio Version 17
VisualStudioVersion = 17.8.34511.84
MinimumVisualStudioVersion = 10.0.40219.1
Project("{9A19103F-16F7-4668-BE54-9A1E7A4F7556}") = "DiagonalDifference", "DiagonalDifference\DiagonalDifference.csproj", "{460945CA-DEEB-4BFD-A508-C7C7BBF5F592}"
EndProject
Project("{9A19103F-16F7-4668-BE54-9A1E7A4F7556}") = "SquaresinMatrix", "SquaresinMatrix\SquaresinMatrix.csproj", "{F15DA9A4-D1FD-4333-A4CB-EB7E7868FEE1}"
EndProject
Project("{9A19103F-16F7-4668-BE54-9A1E7A4F7556}") = "MaximalSum", "MaximalSum\MaximalSum.csproj", "{18EF926B-3019-462C-816F-9FD7895FE965}"
EndProject
Project("{9A19103F-16F7-4668-BE54-9A1E7A4F7556}") = "MatrixShuffling", "MatrixShuffling\MatrixShuffling.csproj", "{EF695FA7-ABFD-4444-B2BB-88942BBEE323}"
EndProject
Project("{FAE04EC0-301F-11D3-BF4B-00C04F79EFBC}") = "SnakeMoves", "SnakeMoves\SnakeMoves.csproj", "{5C386071-6364-4A0B-92DA-7632264D0802}"
EndProject
Project("{FAE04EC0-301F-11D3-BF4B-00C04F79EFBC}") = "JaggedArrayManipulator", "JaggedArrayManipulator\JaggedArrayManipulator.csproj", "{797903C6-DDE0-4032-95AA-50B7FE7232B8}"
EndProject
Project("{FAE04EC0-301F-11D3-BF4B-00C04F79EFBC}") = "Knight Game", "Knight Game\Knight Game.csproj", "{7CA516D4-3279-47C6-AD3F-0A65F8E52044}"
EndProject
Global
	GlobalSection(SolutionConfigurationPlatforms) = preSolution
		Debug|Any CPU = Debug|Any CPU
		Release|Any CPU = Release|Any CPU
	EndGlobalSection
	GlobalSection(ProjectConfigurationPlatforms) = postSolution
		{460945CA-DEEB-4BFD-A508-C7C7BBF5F592}.Debug|Any CPU.ActiveCfg = Debug|Any CPU
		{460945CA-DEEB-4BFD-A508-C7C7BBF5F592}.Debug|Any CPU.Build.0 = Debug|Any CPU
		{460945CA-DEEB-4BFD-A508-C7C7BBF5F592}.Release|Any CPU.ActiveCfg = Release|Any CPU
		{460945CA-DEEB-4BFD-A508-C7C7BBF5F592}.Release|Any CPU.Build.0 = Release|Any CPU
		{F15DA9A4-D1FD-4333-A4CB-EB7E7868FEE1}.Debug|Any CPU.ActiveCfg = Debug|Any CPU
		{F15DA9A4-D1FD-4333-A4CB-EB7E7868FEE1}.Debug|Any CPU.Build.0 = Debug|Any CPU
		{F15DA9A4-D1FD-4333-A4CB-EB7E7868FEE1}.Release|Any CPU.ActiveCfg = Release|Any CPU
		{F15DA9A4-D1FD-4333-A4CB-EB7E7868FEE1}.Release|Any CPU.Build.0 = Release|Any CPU
		{18EF926B-3019-462C-816F-9FD7895FE965}.Debug|Any CPU.ActiveCfg = Debug|Any CPU
		{18EF926B-3019-462C-816F-9FD7895FE965}.Debug|Any CPU.Build.0 = Debug|Any CPU
		{18EF926B-3019-462C-816F-9FD7895FE965}.Release|Any CPU.ActiveCfg = Release|Any CPU
		{18EF926B-3019-462C-816F-9FD7895FE965}.Release|Any CPU.Build.0 = Release|Any CPU
		{EF695FA7-ABFD-4444-B2BB-88942BBEE323}.Debug|Any CPU.ActiveCfg = Debug|Any CPU
		{EF695FA7-ABFD-4444-B2BB-88942BBEE323}.Debug|Any CPU.Build.0 = Debug|Any CPU
		{EF695FA7-ABFD-4444-B2BB-88942BBEE323}.Release|Any CPU.ActiveCfg = Release|Any CPU
		{EF695FA7-ABFD-4444-B2BB-88942BBEE323}.Release|Any CPU.Build.0 = Release|Any CPU
		{5C386071-6364-4A0B-92DA-7632264D0802}.Debug|Any CPU.ActiveCfg = Debug|Any CPU
		{5C386071-6364-4A0B-92DA-7632264D0802}.Debug|Any CPU.Build.0 = Debug|Any CPU
		{5C386071-6364-4A0B-92DA-7632264D0802}.Release|Any CPU.ActiveCfg = Release|Any CPU
		{5C386071-6364-4A0B-92DA-7632264D0802}.Release|Any CPU.Build.0 = Release|Any CPU
		{797903C6-DDE0-4032-95AA-50B7FE7232B8}.Debug|Any CPU.ActiveCfg = Debug|Any CPU
		{797903C6-DDE0-4032-95AA-50B7FE7232B8}.Debug|Any CPU.Build.0 = Debug|Any CPU
		{797903C6-DDE0-4032-95AA-50B7FE7232B8}.Release|Any CPU.ActiveCfg = Release|Any CPU
		{797903C6-DDE0-4032-95AA-50B7FE7232B8}.Release|Any CPU.Build.0 = Release|Any CPU
		{7CA516D4-3279-47C6-AD3F-0A65F8E52044}.Debug|Any CPU.ActiveCfg = Debug|Any CPU
		{7CA516D4-3279-47C6-AD3F-0A65F8E52044}.Debug|Any CPU.Build.0 = Debug|Any CPU
		{7CA516D4-3279-47C6-AD3F-0A65F8E52044}.Release|Any CPU.ActiveCfg = Release|Any CPU
		{7CA516D4-3279-47C6-AD3F-0A65F8E52044}.Release|Any CPU.Build.0 = Release|Any CPU
	EndGlobalSection
	GlobalSection(SolutionProperties) = preSolution
		HideSolutionNode = FALSE
	EndGlobalSection
	GlobalSection(ExtensibilityGlobals) = postSolution
		SolutionGuid = {902CBB7F-9CDA-43C0-90DC-CF41EC119026}
	EndGlobalSection
EndGlobal
